{
    "_meta": {
        "hash": {
            "sha256": "6084fc47d54dabbcc037d03708b88780ad6f0bfe1241678e2d920ad585ba8949"
        },
        "pipfile-spec": 6,
        "requires": {
            "python_version": "3"
        },
        "sources": [
            {
                "name": "pypi",
                "url": "https://pypi.org/simple",
                "verify_ssl": true
            }
        ]
    },
    "default": {
        "click": {
            "hashes": [
                "sha256:27c491cc05d968d271d5a1db13e3b5a184636d9d930f148c50b038f0d0646202",
                "sha256:61a3265b914e850b85317d0b3109c7f8cd35a670f963866005d6ef1d5175a12b"
            ],
            "markers": "python_version >= '3.7'",
            "version": "==8.2.1"
        },
        "colorama": {
            "hashes": [
                "sha256:08695f5cb7ed6e0531a20572697297273c47b8cae5a63ffc6d6ed5c201be6e44",
                "sha256:4f1d9991f5acc0ca119f9d443620b77f9d6b33703e51011c16baf57afb285fc6"
            ],
            "markers": "platform_system == 'Windows'",
            "version": "==0.4.6"
        },
        "customtkinter": {
            "hashes": [
                "sha256:14ad3e7cd3cb3b9eb642b9d4e8711ae80d3f79fb82545ad11258eeffb2e6b37c",
                "sha256:fd8db3bafa961c982ee6030dba80b4c2e25858630756b513986db19113d8d207"
            ],
            "version": "==5.2.2"
        },
        "darkdetect": {
            "hashes": [
                "sha256:a7509ccf517eaad92b31c214f593dbcf138ea8a43b2935406bbd565e15527a85",
                "sha256:b5428e1170263eb5dea44c25dc3895edd75e6f52300986353cd63533fe7df8b1"
            ],
            "markers": "python_version >= '3.6'",
            "version": "==0.8.0"
        },
        "hacktools": {
            "extras": [
                "cli",
                "graphics",
                "ips",
                "xdelta"
            ],
            "hashes": [
                "sha256:0007a709d90708770ad77f4f612814575d515c960bbf439d4ba5130cda331f57",
                "sha256:009e632170f5cd01f740c79a8807c93e69119c34e44a8826d9a2ccf11e675d7e",
                "sha256:01980ba57f499f358e90d8c29e23b659cb19657d8e716159c966251215f6be21",
                "sha256:0257b82a66ddc5ad34eba9344f9068b7f040cc880725475d3ae5905a8a32a8ca",
                "sha256:037e73d13fca3b43fa6ad8932dc018eb2793b4dbbd5a000cfaf0037cd76acb40",
                "sha256:053c169f473e08b79c65e8b1640cdf741939268205c3e3a80023552aa4c3808a",
                "sha256:073c7e9f25d7f267a1747a7d7bb793183eb1bf00cece7fba8a36f518e5b1c108",
                "sha256:091625201b2a74bcf60e08c75fc3d7febd2d553622112f17d3ab03141c0ca6e5",
                "sha256:0a9564dab40fc68d8a0be4af2678420c62cb7fd7991aed9bb46882ac61af9047",
                "sha256:0ffa3d05803547aa7afad3214b8571fcb6491b28a21ddf5b6f6d07858a5c499f",
                "sha256:1723017d0bf579412a14c516337c2d5490483772d399e84ff012212ee9786fa7",
                "sha256:1728c99a5ccfe83280249831395a34e7c291bd42374b292acd95f2e4378faa6a",
                "sha256:1b5706fb163fd10260ed782e847f9834a32ded4111dc783b3db945e08ef4127e",
                "sha256:1da22aa37bb6d5aa5fbe3bd5b5994f7f945f78946c252b94188e8c5ceac971dc",
                "sha256:1e3a2005f6feec1c2c236560af485b3141de2921efb160bfc6da0cd209452238",
                "sha256:1f84eec5472c0295103eb1c6dc3553ee90169fa14a1acbdd138fff603b0b78ec",
                "sha256:245423b1c06e5692b2bd4d06c46a091104a0ea24d754ebf8ddeb2d822aad80da",
                "sha256:29a141db684db1d1b9c339e83d08bc24c46e5aab3c4e9c410abe02edba19eebb",
                "sha256:2dcb2e97fe4e4bf9ab1f3fd8f2db6e6eaa3cf56e06cfcafc696381b94a2d922f",
                "sha256:2ebdf942560634ad4d0894c81c5f557397e0deb959bafca730a558cf4f48a7ab",
                "sha256:36064e1104bb4546b1c177ccf6e1f760679fd8c7d66c081301e88df3d72fdaa8",
                "sha256:380d6b29565febf0615b7de8111ce05064b01f6fcf8cb0dd5f48439ef78b24e8",
                "sha256:4005e9a2427b84015e2cc01936a869c6d8cc02d56184fee5c6f0c07d9da4fe05",
                "sha256:403188bde04d635357a5bf49ac750227652d515ab557e155e9d9da62b7443530",
                "sha256:4185ab07665a85e57ae313d11cf1454628844cda1c957d4e1c526ad36afdc81a",
                "sha256:4416d245dd9b23c7e1d8fdfc2b0d13f0884319ad131fb6f7ba5dd2ba64d2cfbc",
                "sha256:4946c1fd2885eff275a4ca57070f30579fcf22134fac4784fb11283a9b34d033",
                "sha256:49a3c59b6d884a1bdaa6af1b011e473cc4c16f325a7909569183b32c49de0dbf",
                "sha256:4e612e063539e95b701b6ecdd2e23302842447fe71fee35ee2cce92b12315fdc",
                "sha256:52efaed0792200fb1afa892081cbd09c9921f6e42bf0879eb004fa63b3edaee5",
                "sha256:574c88f10d77216aaec839bbbe4c40d76d2711a0b516a28f708f4d63655e3229",
                "sha256:5949e2d1ef009c372f726525e7e6767a1764e2185791152513682a2a8ac2e113",
                "sha256:5e2989845e3378c84d340c8f2d9d56c6e51a54dca7531c72095098c7a1c432e5",
                "sha256:6058b3cd0c859cb9f19b69cacd4703f55abb9152d3b1fb84e251df0cea1f16a8",
                "sha256:61cb684ea49cabf1ab1535b033d54db6e96a85838e92a7c026e05ae60b52d112",
                "sha256:6a2bad49da7d5d3156643078cffd9cf9fe30f22fe7c359d3190bb8fe3c5c4763",
                "sha256:6f0acc53fd8561bbdd0b3b7f18de0cf993c331962c47e10e6252d37a1eb07e3e",
                "sha256:705951fd6e87aefed5afb27bb598c842b749372b48ed88477d226ea5886a93ff",
                "sha256:72c6c7fe78f8b655343a830c29dcbbaf6384d06dfeb8bed48ef1e6fb8a2fae82",
                "sha256:7b44093f170859a4e35aaa8f8f7c27f0d0aba9ff637e1701fc738e692f398f6b",
                "sha256:80a060b171eb11be68e1ee0ff4ddd7dde9659697665c5e008547a56f3dfe9695",
                "sha256:867b73e6ab11df9280622bd0a75e6ca122c33822d9fb7177dc0335c8db03ded2",
                "sha256:908c19f4fbc366fabbe13480193df7b0d3525ab0a0e83fb9d1a94002d88a07e7",
                "sha256:9271e5b5978563961603057b2ab1386cf3a31b7109562cea1343b3b5bc96ea57",
                "sha256:9369def66ffad64265f4fd13674a0213b750522220e1e7b534ebc9f12439c4e7",
                "sha256:937205a90e5b0e1771d7d123d0921277466f00f74c3e8ec42f763ec6ce9e68e6",
                "sha256:93c6518c162717c30ad8ffb3a290ea284a6e213f53c705c815cd203a011e1b99",
                "sha256:9d83ff46afcfe5b3623a0f6caba226839296d3301b0239de0aff6a3f5314a70d",
                "sha256:a02de7c9b7fcbd55d37ab0a34278d19ce2c68c816b4eb083873078f73e3ae00d",
                "sha256:a15904cc973c4b758d2713fbe755a29ae0c43fcb3da4f6dd1a1c8c17e3c01251",
                "sha256:a5d34ac6e4fb77a44b21138989983c1a79b349fa9e844bcb1e01f7059562c257",
                "sha256:a6b10c0c6cdb2ef841587ed63ba69d833ec354257a148cd56c790a03574eb932",
                "sha256:af27a20f30d7028f8ccb3c79868123288b21a733fa05111789fb4d6db7f0e8c4",
                "sha256:b4ae2c179dcba8e981558caeba582ceef2f2724b101f31df324da3b46f5cd757",
                "sha256:b9a5b87de4dbc726a6af1c7ab87520d609b80f59de28789c6aeac9b3025b5a57",
                "sha256:be09c9003c1b82dc38916c347a93b2f7197bae3964f7ecca993d19913e9e72b7",
                "sha256:beac58ad70a59138f0f26bf45561f5a0b734dc135e561c69fe72953b379fc81b",
                "sha256:c16c3a56d25028e3135f9679faa1523a7e755158356754a4257d9e6d5710b974",
                "sha256:c42582607931fe6a10727fedc9bb53a65f2b2f8f09a6723566005da103c4161c",
                "sha256:ca7e9c97e60e03ef23ba1e45ea5e9aeccf6920c8383727272aa8af1058063e93",
                "sha256:cc7ae6aea013e31d09cabc8980b19ea2bc6a0204f6e7dd9b08467fe44705cfda",
                "sha256:cdb4b512156b455d48c24ed99c3158a9b62ecd95e73d75186009ff8673f1d868",
                "sha256:d110e6d31ddec3c803f14ebcc282fe824a68226adfb8fb4838deb5d7208edb2b",
                "sha256:d258b9ed76b157e007ff59165e535b9dcd4a8f1c06e59dae4bacc4a3c3c98fff",
                "sha256:d333170c45480b9f5062e51ee097762caf531a77ce83b15203326ba8270c3d68",
                "sha256:e847a7b0378ae3e3da22e410681a465a64d54826b2d0cba5fef696bbcc90758f",
                "sha256:ec59acdbccf39aee578d11c8828128de47c78f5b666c9b1a020a334bd174e0c7",
                "sha256:f1baf8a5337878c480ddbf4c95864b587c677cf3e215cae76c1b510d5bf93a2a",
                "sha256:f36061e04c19e3761056d129c4b66adeb9c011b0adeed50252b8480432c3257e",
                "sha256:f425c045a93ed3ed2822602affa6248036e92d5c572aef0ea63b2a341883eac6",
                "sha256:f53225ea3ee61be7dd241f4885925954c0fb94d5ed3b9a79b3a734da4ea724f6",
                "sha256:f7d9008edcaf90e67ba122909d3583c1cb0040b391f34425ee43e01583418cc4",
                "sha256:fe0e4d09948f0502fc2fcc2de16ecaf43fda30f454d0422c99ff4a5738ebb04f",
                "sha256:ffa93e3f0d812f1ac629c99c620a09e3883764a0155c10f0a369f3c11f69c389",
                "sha256:fff4f6ac7548780e2162eef5a5f04697f60889a194d4096988c569b1450dd323"
            ],
            "markers": "python_version >= '3.7'",
            "version": "==0.38.5"
        },
        "ips-util": {
            "hashes": [
                "sha256:478502f573f2b92f6409ae9efb129025b9e2cd2d71b2c9b6f1fd1796cb311933",
                "sha256:7862e9fbf09d7a9cdfdac05062755a1bad2d64bd54737046b497852b84d98f2b"
            ],
            "version": "==1.0"
        },
        "packaging": {
            "hashes": [
                "sha256:29572ef2b1f17581046b3a2227d5c611fb25ec70ca1ba8554b24b0e69331a484",
                "sha256:d443872c98d677bf60f6a1f2f8c1cb748e8fe762d2bf9d3148b5599295b0fc4f"
            ],
            "markers": "python_version >= '3.8'",
            "version": "==25.0"
        },
        "pillow": {
            "hashes": [
                "sha256:014ca0050c85003620526b0ac1ac53f56fc93af128f7546623cc8e31875ab928",
                "sha256:036e53f4170e270ddb8797d4c590e6dd14d28e15c7da375c18978045f7e6c37b",
                "sha256:062b7a42d672c45a70fa1f8b43d1d38ff76b63421cbbe7f88146b39e8a558d91",
                "sha256:0c3e6d0f59171dfa2e25d7116217543310908dfa2770aa64b8f87605f8cacc97",
                "sha256:0c7b29dbd4281923a2bfe562acb734cee96bbb129e96e6972d315ed9f232bef4",
                "sha256:0f5c7eda47bf8e3c8a283762cab94e496ba977a420868cb819159980b6709193",
                "sha256:127bf6ac4a5b58b3d32fc8289656f77f80567d65660bc46f72c0d77e6600cc95",
                "sha256:14e33b28bf17c7a38eede290f77db7c664e4eb01f7869e37fa98a5aa95978941",
                "sha256:14f73f7c291279bd65fda51ee87affd7c1e097709f7fdd0188957a16c264601f",
                "sha256:191955c55d8a712fab8934a42bfefbf99dd0b5875078240943f913bb66d46d9f",
                "sha256:1d535df14716e7f8776b9e7fee118576d65572b4aad3ed639be9e4fa88a1cad3",
                "sha256:208653868d5c9ecc2b327f9b9ef34e0e42a4cdd172c2988fd81d62d2bc9bc044",
                "sha256:21e1470ac9e5739ff880c211fc3af01e3ae505859392bf65458c224d0bf283eb",
                "sha256:225c832a13326e34f212d2072982bb1adb210e0cc0b153e688743018c94a2681",
                "sha256:25a5f306095c6780c52e6bbb6109624b95c5b18e40aab1c3041da3e9e0cd3e2d",
                "sha256:2728567e249cdd939f6cc3d1f049595c66e4187f3c34078cbc0a7d21c47482d2",
                "sha256:2b490402c96f907a166615e9a5afacf2519e28295f157ec3a2bb9bd57de638cb",
                "sha256:312c77b7f07ab2139924d2639860e084ec2a13e72af54d4f08ac843a5fc9c79d",
                "sha256:31df6e2d3d8fc99f993fd253e97fae451a8db2e7207acf97859732273e108406",
                "sha256:35ca289f712ccfc699508c4658a1d14652e8033e9b69839edf83cbdd0ba39e70",
                "sha256:3692b68c87096ac6308296d96354eddd25f98740c9d2ab54e1549d6c8aea9d79",
                "sha256:36d6b82164c39ce5482f649b437382c0fb2395eabc1e2b1702a6deb8ad647d6e",
                "sha256:39ad2e0f424394e3aebc40168845fee52df1394a4673a6ee512d840d14ab3013",
                "sha256:3e645b020f3209a0181a418bffe7b4a93171eef6c4ef6cc20980b30bebf17b7d",
                "sha256:3fe735ced9a607fee4f481423a9c36701a39719252a9bb251679635f99d0f7d2",
                "sha256:4b835d89c08a6c2ee7781b8dd0a30209a8012b5f09c0a665b65b0eb3560b6f36",
                "sha256:4d375eb838755f2528ac8cbc926c3e31cc49ca4ad0cf79cff48b20e30634a4a7",
                "sha256:4eb92eca2711ef8be42fd3f67533765d9fd043b8c80db204f16c8ea62ee1a751",
                "sha256:5119225c622403afb4b44bad4c1ca6c1f98eed79db8d3bc6e4e160fc6339d66c",
                "sha256:562d11134c97a62fe3af29581f083033179f7ff435f78392565a1ad2d1c2c45c",
                "sha256:598174aef4589af795f66f9caab87ba4ff860ce08cd5bb447c6fc553ffee603c",
                "sha256:63b5dff3a68f371ea06025a1a6966c9a1e1ee452fc8020c2cd0ea41b83e9037b",
                "sha256:6ebce70c3f486acf7591a3d73431fa504a4e18a9b97ff27f5f47b7368e4b9dd1",
                "sha256:738db0e0941ca0376804d4de6a782c005245264edaa253ffce24e5a15cbdc7bd",
                "sha256:7491cf8a79b8eb867d419648fff2f83cb0b3891c8b36da92cc7f1931d46108c8",
                "sha256:74ee3d7ecb3f3c05459ba95eed5efa28d6092d751ce9bf20e3e253a4e497e691",
                "sha256:750f96efe0597382660d8b53e90dd1dd44568a8edb51cb7f9d5d918b80d4de14",
                "sha256:78092232a4ab376a35d68c4e6d5e00dfd73454bd12b230420025fbe178ee3b0b",
                "sha256:78afba22027b4accef10dbd5eed84425930ba41b3ea0a86fa8d20baaf19d807f",
                "sha256:7bdb5e09068332578214cadd9c05e3d64d99e0e87591be22a324bdbc18925be0",
                "sha256:80f1df8dbe9572b4b7abdfa17eb5d78dd620b1d55d9e25f834efdbee872d3aed",
                "sha256:85d27ea4c889342f7e35f6d56e7e1cb345632ad592e8c51b693d7b7556043ce0",
                "sha256:8b02d8f9cb83c52578a0b4beadba92e37d83a4ef11570a8688bbf43f4ca50909",
                "sha256:8ce2e8411c7aaef53e6bb29fe98f28cd4fbd9a1d9be2eeea434331aac0536b22",
                "sha256:8f4f3724c068be008c08257207210c138d5f3731af6c155a81c2b09a9eb3a788",
                "sha256:9622e3b6c1d8b551b6e6f21873bdcc55762b4b2126633014cea1803368a9aa16",
                "sha256:9b7b0d4fd2635f54ad82785d56bc0d94f147096493a79985d0ab57aedd563156",
                "sha256:9bc7ae48b8057a611e5fe9f853baa88093b9a76303937449397899385da06fad",
                "sha256:9db98ab6565c69082ec9b0d4e40dd9f6181dab0dd236d26f7a50b8b9bfbd5076",
                "sha256:9ee66787e095127116d91dea2143db65c7bb1e232f617aa5957c0d9d2a3f23a7",
                "sha256:a0a6709b47019dff32e678bc12c63008311b82b9327613f534e496dacaefb71e",
                "sha256:a64dd61998416367b7ef979b73d3a85853ba9bec4c2925f74e588879a58716b6",
                "sha256:aa442755e31c64037aa7c1cb186e0b369f8416c567381852c63444dd666fb772",
                "sha256:ad275964d52e2243430472fc5d2c2334b4fc3ff9c16cb0a19254e25efa03a155",
                "sha256:b0e130705d568e2f43a17bcbe74d90958e8a16263868a12c3e0d9c8162690830",
                "sha256:b10428b3416d4f9c61f94b494681280be7686bda15898a3a9e08eb66a6d92d67",
                "sha256:b2dbea1012ccb784a65349f57bbc93730b96e85b42e9bf7b01ef40443db720b4",
                "sha256:b4ba4be812c7a40280629e55ae0b14a0aafa150dd6451297562e1764808bbe61",
                "sha256:b93a07e76d13bff9444f1a029e0af2964e654bfc2e2c2d46bfd080df5ad5f3d8",
                "sha256:bf2c33d6791c598142f00c9c4c7d47f6476731c31081331664eb26d6ab583e01",
                "sha256:c27476257b2fdcd7872d54cfd119b3a9ce4610fb85c8e32b70b42e3680a29a1e",
                "sha256:c8bd62331e5032bc396a93609982a9ab6b411c05078a52f5fe3cc59234a3abd1",
                "sha256:c97209e85b5be259994eb5b69ff50c5d20cca0f458ef9abd835e262d9d88b39d",
                "sha256:cc1c3bc53befb6096b84165956e886b1729634a799e9d6329a0c512ab651e579",
                "sha256:cc5d875d56e49f112b6def6813c4e3d3036d269c008bf8aef72cd08d20ca6df6",
                "sha256:d189ba1bebfbc0c0e529159631ec72bb9e9bc041f01ec6d3233d6d82eb823bc1",
                "sha256:d4e5c5edee874dce4f653dbe59db7c73a600119fbea8d31f53423586ee2aafd7",
                "sha256:d57a75d53922fc20c165016a20d9c44f73305e67c351bbc60d1adaf662e74047",
                "sha256:da3104c57bbd72948d75f6a9389e6727d2ab6333c3617f0a89d72d4940aa0443",
                "sha256:dd6b20b93b3ccc9c1b597999209e4bc5cf2853f9ee66e3fc9a400a78733ffc9a",
                "sha256:e0409af9f829f87a2dfb7e259f78f317a5351f2045158be321fd135973fff7bf",
                "sha256:e0b55f27f584ed623221cfe995c912c61606be8513bfa0e07d2c674b4516d9dd",
                "sha256:e616e7154c37669fc1dfc14584f11e284e05d1c650e1c0f972f281c4ccc53193",
                "sha256:e6def7eed9e7fa90fde255afaf08060dc4b343bbe524a8f69bdd2a2f0018f600",
                "sha256:ea926cfbc3957090becbcbbb65ad177161a2ff2ad578b5a6ec9bb1e1cd78753c",
                "sha256:f0d3348c95b766f54b76116d53d4cb171b52992a1027e7ca50c81b43b9d9e363",
                "sha256:f6b0c664ccb879109ee3ca702a9272d877f4fcd21e5eb63c26422fd6e415365e",
                "sha256:f781dcb0bc9929adc77bad571b8621ecb1e4cdef86e940fe2e5b5ee24fd33b35",
                "sha256:f91ebf30830a48c825590aede79376cb40f110b387c17ee9bd59932c961044f9",
                "sha256:fdec757fea0b793056419bca3e9932eb2b0ceec90ef4813ea4c1e072c389eb28",
                "sha256:fe15238d3798788d00716637b3d4e7bb6bde18b26e5d08335a96e88564a36b6b"
            ],
            "version": "==11.2.1"
        },
        "pyxdelta": {
            "hashes": [
                "sha256:023dc85fe9790cdd68170c35c94f89bf2afab964b905e44db4c2b1ee52970dfc",
                "sha256:093983902f1d43b2378b92fbf7cadcb036769bab2948622e235d3cc0f080b2ae",
                "sha256:0e61ff8b7881d290a95e8db6dcf10a3584cfcfc318153939fca4f7ac506128b3",
                "sha256:103b4059003ce325fe7325ebbe127051bc157074a8e668b3be42e5a5cd79584b",
                "sha256:1127cf9c6c0a798d7b392f3e53c5b574b56c1c3ef8ab7d753d60cfaebf49b271",
                "sha256:11fcbd5b43fe52cf6d3270b5f175f3d1a88c6564ab2226ff5c5c6ad8a4759133",
                "sha256:12fc4e289f6251881d06e4d09059f225155ea31515c2695adae6542d162e29d9",
                "sha256:16358be18c3b6ce48892c3929cb38ffa8a843aec838a38e0da7ea7f29a4ca292",
                "sha256:16cdf89a369e2868d1d151e75966890f8b0403fa1ab449996c519f4e4d86d828",
                "sha256:1c99bd69dc3e59473db6be7ba2dc44c0bb601ca6880d8976eac18ea39401c814",
                "sha256:1d0a722a96e8b5d97f95de5984b4bd9b64c382b36667ca244050e81a387ccfd2",
                "sha256:20a340ed50ecb8aa55a1e360ea6e3845c4cdafd6d41e9c39cd08f047443935e5",
                "sha256:20bab8c02947e188cbea8107c925d72c9d1ab96774840d50cc92722d2dd5e4cb",
                "sha256:222e604a5e57ae50ab916bb7519d248d1e377418cc72502f28f4086d046abe81",
                "sha256:245f38d607f137a16a395b07697fb199f59b3b6a915c86b24d734fbe5cf0ddad",
                "sha256:2f6a82f5921e0b7e9311cf6b78ff255f3dc8a2472f00f388c53f4608e13e5388",
                "sha256:30f71fee5827936fa4ccbf1d79b23cd5536a1947ce85bb013ad59be6c40e4594",
                "sha256:34bcf75599d1f27a61060a868f837fc9fa83068a82ae54bc66288b07eec6ef5e",
                "sha256:39b3ca8a5bb8566c05c76500feb626d699e23f479023ccce4b7c619890e83d2c",
                "sha256:494d039c9287b0be9f2c3b2ae2a79f0995a7b0a3e253d93516f78a0cc6d8a6b0",
                "sha256:4db7e53f2651db2c370bb63f53be3653b90046ab56ecd94cb0a4ef3cb05368e8",
                "sha256:511a6d92ec00831f6f16f709d2dd0418c087e269fd6f3823230b1be55daddf85",
                "sha256:54582d6194a10804309346a9915f87b6c57f4fb65254273ad008bc0709c549b1",
                "sha256:548c41664965646e1cac3fecac99d65c068d9c7cf416c5b523e44d288a4d35b8",
                "sha256:610be55ef7d5962f20078f138080f8c5b44d7795c54f18617aee4a399fa052b7",
                "sha256:687d4004592c75fea13ea4b5df93853fcf7b5bc9c0480aa2dda8eb6f18b73758",
                "sha256:68cc38e50da312ee89112fc15d01f14bf5e7f2d142b506130683f2d28c0f4ae6",
                "sha256:70d787e96db2e79d26277c43c4508da74ecb16376fe9b355181ec0f8cfe5357c",
                "sha256:72b1870dde2017bf9f4d555a817c7f25865d574112c11c6caab6c7a99e5c1bda",
                "sha256:736442a7df84da96f7a5f407715b3d7eeece5dea56257b15761875221a7da902",
                "sha256:73c08f0e2d62f2b4e314576aaf9f322118d703bcdda2bcffcd6acee4dd11f60e",
                "sha256:777288acfb945e8c8a1cdc568b767c86a7a3b4fc2bc2df59f225ef9436a5f675",
                "sha256:7b150d7f0715bb78fa6c7c98a501ee2d5a8ee28b254904023541f6fde5dc9681",
                "sha256:7b868bd38bc9a80806f4f23d0b2f694e51814c568a49cac04d84956f1e120bde",
                "sha256:7c5e5d88b1d2475aa8ca0a1d1bb8c518b49c02836ccb6cc3f1d684b6e25c9a22",
                "sha256:837d4904daafea924aae2b01d20d961a8453afb76a543f96c2ad89d08bd1c0e9",
                "sha256:8b570991b8341cff15a68773288a9e06bfefcc9b50859b7b43a7119527ac6829",
                "sha256:8e4d2a84a57e837424fe3088cd55360aa00dcaa5cb0489663f5ae8025d6311e4",
                "sha256:8ec8098111c2b855d2a304e82ad95869fc22d323c3598842677db565bc462189",
                "sha256:9411774ec5c6ad9485862f76b5807b810a94a721e82a3575dc8aaaa2e8f15967",
                "sha256:957980de4d0c568f9c21e568280324b540da74b125eff7d9576ada2d4eaacfac",
                "sha256:9a6be3f5f1c35fe574740d72b7301a19138f9e5d43486d11d96a2e6b1b37fd16",
                "sha256:9bec6a6ea862cbbce8757d34ea4105be8fa89704227b5d59ccac43e633254a83",
                "sha256:9c3a4fb82d10ab278ec0d5f665704555b2a74394398c251bd30db75be3adc78b",
                "sha256:9c5ce705c96b7f5e1cd9493f4ed19a2562a611e8c32df8db9ddca816d306f17a",
                "sha256:9cac56f81bb35c18730025deaacb25e377232d32812f8bbe859a9fdb49b5fe64",
                "sha256:9cf9025c9614c8f7e8e106191075c5dd549e28b855b470370ea5c878bc0cf614",
                "sha256:9e0674324199a6769377bac0b57601721aff64812c53803737dbf0284c4d4844",
                "sha256:a180e318e811f0f89d83621830ac306ae3a4a67e31a788611ad61479e53b4a24",
                "sha256:a2e9013ded9941eb04d78292d2f77db0ca3bc89f3b3942b5e666cb0b5b85e29f",
                "sha256:a3d68b4d813d8ab26c7008e9f80f89b4c91b0ed7dbbf24ea9041a9eb668bb46f",
                "sha256:a9408b815a0d4859dacaef91a9d8462c6d151ca2ea7d2a91a2b517e1524dd9bf",
                "sha256:ac9093ea44b8d329a7fa6c1c9c327851b42077854ff9c67f6f3403a4891ddcda",
                "sha256:af9e0f77c2ed7458c2fdbebb32b821d579a1317b330ceed8afd89a95e899374b",
                "sha256:b2da7f6aa4ad24b00f49175e3f9bfa3ff8f0cb813d256cb61b45d7d129995e1a",
                "sha256:bbaf7f3b7eb9fef46ae0454d27bd930930518d0b241033e3c29b609bce80c94b",
                "sha256:bde5d08ec4adb3812561a040e87a2b22c95ba3e8257ff00bebf8ba2ec07b0591",
                "sha256:be940c7319e46f707ad3feb0df92ab01e4ca42f5d9f3beff6b87aeca47b34c6d",
                "sha256:bfa478ac840623e028589684543a00f254a6d8cab6be9362e6cf5c086f03599b",
                "sha256:c2023d7337e3901036bcd9182433f789558d0e59533bdef13e28d4ecc4369f51",
                "sha256:c3f616641dc0231fd0f1fad1547ccf31e127126ef0a779a8298a5bd0d92129a2",
                "sha256:c52fef8a43bf2affd024882f30005bc45b1e5c96f75fe992c378e06d637999d5",
                "sha256:c7a5492e735d6134989a65847d462bf79f410c8082da9014c029d6206973ddd3",
                "sha256:cc865d2aff81e7af59de9d78e614b5e74651f3c5bec9f2babf4bdbadf44f7ee7",
                "sha256:cdf1631b8c54237acc90029d32ce4f4463a4eeb7ccdb1b94a64c5da9196f377a",
                "sha256:d2310b868992c06fefd43ee4219247b901526d323a2fc9495a9e76f22498320f",
                "sha256:d7bb73f07516b9fd977a85a32bf7aaded0917d622ceb1b804f19ca390d74a790",
                "sha256:de5bc430680530a025e4b5cccb55f9e1b7e3aca6a7413fcf2eb9d471322059f8",
                "sha256:df89c640c02c58801d8ca80ec31569687f859a681034d2c029611e86fdaed56b",
                "sha256:e4acc3163b42a3facfbaf165d21a188dfe37cce4480bb0ba788d817cbd79f7ce",
                "sha256:e5e0b4f211bf6b39083771398b464a30f9ad23e33a4ff0fb170689b1d1b44da4",
                "sha256:e7ee528560e1751cefa72624f2217cedbd5ffa470e1065de63ac514b986bba5b",
                "sha256:e81a21b606eb66315f79d805d0efa585ae023c68988107c122049ca64823767c",
                "sha256:ebc54308718202dd5fe795b7ebc28eda096e8cff5c9b625bbc48c5ab9cd821d7",
                "sha256:ecc240250f3ae629eef1f8526089e6b21284e75e0899a157ed00e79aa20232fd",
                "sha256:f301d08208a79375237ab4076ca63fe1d31c642b9743508071a3c2bb986011de",
                "sha256:f6bdc81e2becf7fb22cb466fdb05481274f0c338b85d5d01c7901eaa3b2faad0",
                "sha256:f745350c438e8ae6efa1b6804b296f73e3ed19ad5fdb109f40086fee1b275d73",
                "sha256:fb59767f6100aa8b6e4c7a2e51f2a4b9d1121a3dd806402ac36340f6c6305b01",
                "sha256:fc4365b867f877f52f7da16e4d2eeb4a389289d39eab42bbb00991f88ad7b68b",
                "sha256:fd47e573ef5e4ffe20320b115812c92d7164b51172218171ba52936a75627abb",
                "sha256:fe8330c6c7351af666591e44c1cafe90f56ccd565b9995df218c5b0a521f2870"
            ],
            "version": "==0.2.2"
        },
        "tqdm": {
            "hashes": [
                "sha256:26445eca388f82e72884e0d580d5464cd801a3ea01e63e5601bdff9ba6a48de2",
                "sha256:f8aef9c52c08c13a65f30ea34f4e5aac3fd1a34959879d7e59e63027286627f2"
            ],
            "markers": "python_version >= '3.7'",
            "version": "==4.67.1"
        }
    },
    "develop": {}
}
